
Microsoft Visual Studio Solution File, Format Version 12.00
# Visual Studio Version 17
VisualStudioVersion = 17.5.002.0
MinimumVisualStudioVersion = 10.0.40219.1
Project("{2150E333-8FDC-42A3-9474-1A3956D46DE8}") = "csharp-prep", "csharp-prep", "{0D4C3A67-C4EA-4BD6-9789-8A43C8AB1AF8}"
EndProject
Project("{9A19103F-16F7-4668-BE54-9A1E7A4F7556}") = "Prep1", "csharp-prep\Prep1\Prep1.csproj", "{1A6A4E11-7A07-4652-841C-3F4893FD5930}"
EndProject
Project("{9A19103F-16F7-4668-BE54-9A1E7A4F7556}") = "Prep2", "csharp-prep\Prep2\Prep2.csproj", "{4C389D28-96C8-4221-8C32-56B269109385}"
EndProject
Project("{9A19103F-16F7-4668-BE54-9A1E7A4F7556}") = "Prep3", "csharp-prep\Prep3\Prep3.csproj", "{2B97B36F-C959-4B29-943D-CAFC42DD8085}"
EndProject
Project("{9A19103F-16F7-4668-BE54-9A1E7A4F7556}") = "Prep4", "csharp-prep\Prep4\Prep4.csproj", "{54A73947-4D26-4501-B575-2DBD68C75C0F}"
EndProject
Project("{9A19103F-16F7-4668-BE54-9A1E7A4F7556}") = "Prep5", "csharp-prep\Prep5\Prep5.csproj", "{50F00581-D7A7-4B55-AD15-31DCE334BD25}"
EndProject
Project("{2150E333-8FDC-42A3-9474-1A3956D46DE8}") = "final", "final", "{C9F57200-5DDA-4AC3-8DD1-86A5A11E604B}"
EndProject
Project("{9A19103F-16F7-4668-BE54-9A1E7A4F7556}") = "FinalProject", "final\FinalProject\FinalProject.csproj", "{7CB0A781-AB95-4C2E-A8BC-CD2B56D3FAC4}"
EndProject
Project("{9A19103F-16F7-4668-BE54-9A1E7A4F7556}") = "Foundation1", "final\Foundation1\Foundation1.csproj", "{DFD1613E-0E0E-42C2-B8AE-B7B366F047A9}"
EndProject
Project("{9A19103F-16F7-4668-BE54-9A1E7A4F7556}") = "Foundation2", "final\Foundation2\Foundation2.csproj", "{608C972F-2057-4AE1-9F9C-37B6915D7F50}"
EndProject
Project("{9A19103F-16F7-4668-BE54-9A1E7A4F7556}") = "Foundation3", "final\Foundation3\Foundation3.csproj", "{E952AFE5-69AF-4EDD-AB18-8BD9C0C530E0}"
EndProject
Project("{9A19103F-16F7-4668-BE54-9A1E7A4F7556}") = "Foundation4", "final\Foundation4\Foundation4.csproj", "{99646229-E306-47B9-9A64-D4C7909D6D55}"
EndProject
Project("{2150E333-8FDC-42A3-9474-1A3956D46DE8}") = "prepare", "prepare", "{F340EA7A-B65B-4FDF-B883-3782732153C9}"
EndProject
Project("{9A19103F-16F7-4668-BE54-9A1E7A4F7556}") = "Learning02", "prepare\Learning02\Learning02.csproj", "{E9243BF2-F7B0-4DFA-B866-0E4ECD90F58F}"
EndProject
Project("{9A19103F-16F7-4668-BE54-9A1E7A4F7556}") = "Learning03", "prepare\Learning03\Learning03.csproj", "{16284BCF-0B6D-42A7-BD25-B0DD2B4E6069}"
EndProject
Project("{9A19103F-16F7-4668-BE54-9A1E7A4F7556}") = "Learning04", "prepare\Learning04\Learning04.csproj", "{241B6893-94E4-4645-B3B3-FE77B4AA0669}"
EndProject
Project("{9A19103F-16F7-4668-BE54-9A1E7A4F7556}") = "Learning05", "prepare\Learning05\Learning05.csproj", "{1D0951A1-8B21-4C7D-B405-4287936817A4}"
EndProject
Project("{2150E333-8FDC-42A3-9474-1A3956D46DE8}") = "prove", "prove", "{DBC25E3B-8539-4AA0-B6BC-FFE85BD93D81}"
EndProject
Project("{9A19103F-16F7-4668-BE54-9A1E7A4F7556}") = "Develop02", "prove\Develop02\Develop02.csproj", "{A20540E7-3F95-438D-8FBD-4BB516843395}"
EndProject
Project("{9A19103F-16F7-4668-BE54-9A1E7A4F7556}") = "Develop03", "prove\Develop03\Develop03.csproj", "{6102CAC3-1E51-43DF-8363-D6211D44F21A}"
EndProject
Project("{9A19103F-16F7-4668-BE54-9A1E7A4F7556}") = "Develop04", "prove\Develop04\Develop04.csproj", "{0834AD8C-6EC2-4E17-827B-6E223FA1C32F}"
EndProject
Project("{9A19103F-16F7-4668-BE54-9A1E7A4F7556}") = "Develop05", "prove\Develop05\Develop05.csproj", "{BAE4A00F-20E1-45A0-9C29-DB18762791DE}"
EndProject
Project("{2150E333-8FDC-42A3-9474-1A3956D46DE8}") = "sandbox", "sandbox", "{E4006A83-94D1-4498-9500-3C62FCE44707}"
EndProject
Project("{9A19103F-16F7-4668-BE54-9A1E7A4F7556}") = "Sandbox", "sandbox\Sandbox\Sandbox.csproj", "{FCBFF1BF-90C0-4B84-9E3C-12346B90510E}"
EndProject
Global
	GlobalSection(SolutionConfigurationPlatforms) = preSolution
		Debug|Any CPU = Debug|Any CPU
		Release|Any CPU = Release|Any CPU
	EndGlobalSection
	GlobalSection(ProjectConfigurationPlatforms) = postSolution
		{1A6A4E11-7A07-4652-841C-3F4893FD5930}.Debug|Any CPU.ActiveCfg = Debug|Any CPU
		{1A6A4E11-7A07-4652-841C-3F4893FD5930}.Debug|Any CPU.Build.0 = Debug|Any CPU
		{1A6A4E11-7A07-4652-841C-3F4893FD5930}.Release|Any CPU.ActiveCfg = Release|Any CPU
		{1A6A4E11-7A07-4652-841C-3F4893FD5930}.Release|Any CPU.Build.0 = Release|Any CPU
		{4C389D28-96C8-4221-8C32-56B269109385}.Debug|Any CPU.ActiveCfg = Debug|Any CPU
		{4C389D28-96C8-4221-8C32-56B269109385}.Debug|Any CPU.Build.0 = Debug|Any CPU
		{4C389D28-96C8-4221-8C32-56B269109385}.Release|Any CPU.ActiveCfg = Release|Any CPU
		{4C389D28-96C8-4221-8C32-56B269109385}.Release|Any CPU.Build.0 = Release|Any CPU
		{2B97B36F-C959-4B29-943D-CAFC42DD8085}.Debug|Any CPU.ActiveCfg = Debug|Any CPU
		{2B97B36F-C959-4B29-943D-CAFC42DD8085}.Debug|Any CPU.Build.0 = Debug|Any CPU
		{2B97B36F-C959-4B29-943D-CAFC42DD8085}.Release|Any CPU.ActiveCfg = Release|Any CPU
		{2B97B36F-C959-4B29-943D-CAFC42DD8085}.Release|Any CPU.Build.0 = Release|Any CPU
		{54A73947-4D26-4501-B575-2DBD68C75C0F}.Debug|Any CPU.ActiveCfg = Debug|Any CPU
		{54A73947-4D26-4501-B575-2DBD68C75C0F}.Debug|Any CPU.Build.0 = Debug|Any CPU
		{54A73947-4D26-4501-B575-2DBD68C75C0F}.Release|Any CPU.ActiveCfg = Release|Any CPU
		{54A73947-4D26-4501-B575-2DBD68C75C0F}.Release|Any CPU.Build.0 = Release|Any CPU
		{50F00581-D7A7-4B55-AD15-31DCE334BD25}.Debug|Any CPU.ActiveCfg = Debug|Any CPU
		{50F00581-D7A7-4B55-AD15-31DCE334BD25}.Debug|Any CPU.Build.0 = Debug|Any CPU
		{50F00581-D7A7-4B55-AD15-31DCE334BD25}.Release|Any CPU.ActiveCfg = Release|Any CPU
		{50F00581-D7A7-4B55-AD15-31DCE334BD25}.Release|Any CPU.Build.0 = Release|Any CPU
		{7CB0A781-AB95-4C2E-A8BC-CD2B56D3FAC4}.Debug|Any CPU.ActiveCfg = Debug|Any CPU
		{7CB0A781-AB95-4C2E-A8BC-CD2B56D3FAC4}.Debug|Any CPU.Build.0 = Debug|Any CPU
		{7CB0A781-AB95-4C2E-A8BC-CD2B56D3FAC4}.Release|Any CPU.ActiveCfg = Release|Any CPU
		{7CB0A781-AB95-4C2E-A8BC-CD2B56D3FAC4}.Release|Any CPU.Build.0 = Release|Any CPU
		{DFD1613E-0E0E-42C2-B8AE-B7B366F047A9}.Debug|Any CPU.ActiveCfg = Debug|Any CPU
		{DFD1613E-0E0E-42C2-B8AE-B7B366F047A9}.Debug|Any CPU.Build.0 = Debug|Any CPU
		{DFD1613E-0E0E-42C2-B8AE-B7B366F047A9}.Release|Any CPU.ActiveCfg = Release|Any CPU
		{DFD1613E-0E0E-42C2-B8AE-B7B366F047A9}.Release|Any CPU.Build.0 = Release|Any CPU
		{608C972F-2057-4AE1-9F9C-37B6915D7F50}.Debug|Any CPU.ActiveCfg = Debug|Any CPU
		{608C972F-2057-4AE1-9F9C-37B6915D7F50}.Debug|Any CPU.Build.0 = Debug|Any CPU
		{608C972F-2057-4AE1-9F9C-37B6915D7F50}.Release|Any CPU.ActiveCfg = Release|Any CPU
		{608C972F-2057-4AE1-9F9C-37B6915D7F50}.Release|Any CPU.Build.0 = Release|Any CPU
		{E952AFE5-69AF-4EDD-AB18-8BD9C0C530E0}.Debug|Any CPU.ActiveCfg = Debug|Any CPU
		{E952AFE5-69AF-4EDD-AB18-8BD9C0C530E0}.Debug|Any CPU.Build.0 = Debug|Any CPU
		{E952AFE5-69AF-4EDD-AB18-8BD9C0C530E0}.Release|Any CPU.ActiveCfg = Release|Any CPU
		{E952AFE5-69AF-4EDD-AB18-8BD9C0C530E0}.Release|Any CPU.Build.0 = Release|Any CPU
		{99646229-E306-47B9-9A64-D4C7909D6D55}.Debug|Any CPU.ActiveCfg = Debug|Any CPU
		{99646229-E306-47B9-9A64-D4C7909D6D55}.Debug|Any CPU.Build.0 = Debug|Any CPU
		{99646229-E306-47B9-9A64-D4C7909D6D55}.Release|Any CPU.ActiveCfg = Release|Any CPU
		{99646229-E306-47B9-9A64-D4C7909D6D55}.Release|Any CPU.Build.0 = Release|Any CPU
		{E9243BF2-F7B0-4DFA-B866-0E4ECD90F58F}.Debug|Any CPU.ActiveCfg = Debug|Any CPU
		{E9243BF2-F7B0-4DFA-B866-0E4ECD90F58F}.Debug|Any CPU.Build.0 = Debug|Any CPU
		{E9243BF2-F7B0-4DFA-B866-0E4ECD90F58F}.Release|Any CPU.ActiveCfg = Release|Any CPU
		{E9243BF2-F7B0-4DFA-B866-0E4ECD90F58F}.Release|Any CPU.Build.0 = Release|Any CPU
		{16284BCF-0B6D-42A7-BD25-B0DD2B4E6069}.Debug|Any CPU.ActiveCfg = Debug|Any CPU
		{16284BCF-0B6D-42A7-BD25-B0DD2B4E6069}.Debug|Any CPU.Build.0 = Debug|Any CPU
		{16284BCF-0B6D-42A7-BD25-B0DD2B4E6069}.Release|Any CPU.ActiveCfg = Release|Any CPU
		{16284BCF-0B6D-42A7-BD25-B0DD2B4E6069}.Release|Any CPU.Build.0 = Release|Any CPU
		{241B6893-94E4-4645-B3B3-FE77B4AA0669}.Debug|Any CPU.ActiveCfg = Debug|Any CPU
		{241B6893-94E4-4645-B3B3-FE77B4AA0669}.Debug|Any CPU.Build.0 = Debug|Any CPU
		{241B6893-94E4-4645-B3B3-FE77B4AA0669}.Release|Any CPU.ActiveCfg = Release|Any CPU
		{241B6893-94E4-4645-B3B3-FE77B4AA0669}.Release|Any CPU.Build.0 = Release|Any CPU
		{1D0951A1-8B21-4C7D-B405-4287936817A4}.Debug|Any CPU.ActiveCfg = Debug|Any CPU
		{1D0951A1-8B21-4C7D-B405-4287936817A4}.Debug|Any CPU.Build.0 = Debug|Any CPU
		{1D0951A1-8B21-4C7D-B405-4287936817A4}.Release|Any CPU.ActiveCfg = Release|Any CPU
		{1D0951A1-8B21-4C7D-B405-4287936817A4}.Release|Any CPU.Build.0 = Release|Any CPU
		{A20540E7-3F95-438D-8FBD-4BB516843395}.Debug|Any CPU.ActiveCfg = Debug|Any CPU
		{A20540E7-3F95-438D-8FBD-4BB516843395}.Debug|Any CPU.Build.0 = Debug|Any CPU
		{A20540E7-3F95-438D-8FBD-4BB516843395}.Release|Any CPU.ActiveCfg = Release|Any CPU
		{A20540E7-3F95-438D-8FBD-4BB516843395}.Release|Any CPU.Build.0 = Release|Any CPU
		{6102CAC3-1E51-43DF-8363-D6211D44F21A}.Debug|Any CPU.ActiveCfg = Debug|Any CPU
		{6102CAC3-1E51-43DF-8363-D6211D44F21A}.Debug|Any CPU.Build.0 = Debug|Any CPU
		{6102CAC3-1E51-43DF-8363-D6211D44F21A}.Release|Any CPU.ActiveCfg = Release|Any CPU
		{6102CAC3-1E51-43DF-8363-D6211D44F21A}.Release|Any CPU.Build.0 = Release|Any CPU
		{0834AD8C-6EC2-4E17-827B-6E223FA1C32F}.Debug|Any CPU.ActiveCfg = Debug|Any CPU
		{0834AD8C-6EC2-4E17-827B-6E223FA1C32F}.Debug|Any CPU.Build.0 = Debug|Any CPU
		{0834AD8C-6EC2-4E17-827B-6E223FA1C32F}.Release|Any CPU.ActiveCfg = Release|Any CPU
		{0834AD8C-6EC2-4E17-827B-6E223FA1C32F}.Release|Any CPU.Build.0 = Release|Any CPU
		{BAE4A00F-20E1-45A0-9C29-DB18762791DE}.Debug|Any CPU.ActiveCfg = Debug|Any CPU
		{BAE4A00F-20E1-45A0-9C29-DB18762791DE}.Debug|Any CPU.Build.0 = Debug|Any CPU
		{BAE4A00F-20E1-45A0-9C29-DB18762791DE}.Release|Any CPU.ActiveCfg = Release|Any CPU
		{BAE4A00F-20E1-45A0-9C29-DB18762791DE}.Release|Any CPU.Build.0 = Release|Any CPU
		{FCBFF1BF-90C0-4B84-9E3C-12346B90510E}.Debug|Any CPU.ActiveCfg = Debug|Any CPU
		{FCBFF1BF-90C0-4B84-9E3C-12346B90510E}.Debug|Any CPU.Build.0 = Debug|Any CPU
		{FCBFF1BF-90C0-4B84-9E3C-12346B90510E}.Release|Any CPU.ActiveCfg = Release|Any CPU
		{FCBFF1BF-90C0-4B84-9E3C-12346B90510E}.Release|Any CPU.Build.0 = Release|Any CPU
	EndGlobalSection
	GlobalSection(SolutionProperties) = preSolution
		HideSolutionNode = FALSE
	EndGlobalSection
	GlobalSection(NestedProjects) = preSolution
		{1A6A4E11-7A07-4652-841C-3F4893FD5930} = {0D4C3A67-C4EA-4BD6-9789-8A43C8AB1AF8}
		{4C389D28-96C8-4221-8C32-56B269109385} = {0D4C3A67-C4EA-4BD6-9789-8A43C8AB1AF8}
		{2B97B36F-C959-4B29-943D-CAFC42DD8085} = {0D4C3A67-C4EA-4BD6-9789-8A43C8AB1AF8}
		{54A73947-4D26-4501-B575-2DBD68C75C0F} = {0D4C3A67-C4EA-4BD6-9789-8A43C8AB1AF8}
		{50F00581-D7A7-4B55-AD15-31DCE334BD25} = {0D4C3A67-C4EA-4BD6-9789-8A43C8AB1AF8}
		{7CB0A781-AB95-4C2E-A8BC-CD2B56D3FAC4} = {C9F57200-5DDA-4AC3-8DD1-86A5A11E604B}
		{DFD1613E-0E0E-42C2-B8AE-B7B366F047A9} = {C9F57200-5DDA-4AC3-8DD1-86A5A11E604B}
		{608C972F-2057-4AE1-9F9C-37B6915D7F50} = {C9F57200-5DDA-4AC3-8DD1-86A5A11E604B}
		{E952AFE5-69AF-4EDD-AB18-8BD9C0C530E0} = {C9F57200-5DDA-4AC3-8DD1-86A5A11E604B}
		{99646229-E306-47B9-9A64-D4C7909D6D55} = {C9F57200-5DDA-4AC3-8DD1-86A5A11E604B}
		{E9243BF2-F7B0-4DFA-B866-0E4ECD90F58F} = {F340EA7A-B65B-4FDF-B883-3782732153C9}
		{16284BCF-0B6D-42A7-BD25-B0DD2B4E6069} = {F340EA7A-B65B-4FDF-B883-3782732153C9}
		{241B6893-94E4-4645-B3B3-FE77B4AA0669} = {F340EA7A-B65B-4FDF-B883-3782732153C9}
		{1D0951A1-8B21-4C7D-B405-4287936817A4} = {F340EA7A-B65B-4FDF-B883-3782732153C9}
		{A20540E7-3F95-438D-8FBD-4BB516843395} = {DBC25E3B-8539-4AA0-B6BC-FFE85BD93D81}
		{6102CAC3-1E51-43DF-8363-D6211D44F21A} = {DBC25E3B-8539-4AA0-B6BC-FFE85BD93D81}
		{0834AD8C-6EC2-4E17-827B-6E223FA1C32F} = {DBC25E3B-8539-4AA0-B6BC-FFE85BD93D81}
		{BAE4A00F-20E1-45A0-9C29-DB18762791DE} = {DBC25E3B-8539-4AA0-B6BC-FFE85BD93D81}
		{FCBFF1BF-90C0-4B84-9E3C-12346B90510E} = {E4006A83-94D1-4498-9500-3C62FCE44707}
	EndGlobalSection
	GlobalSection(ExtensibilityGlobals) = postSolution
		SolutionGuid = {ED68A1BF-BFC5-4795-878F-1414B0D1A8B5}
	EndGlobalSection
EndGlobal
